<Solution>
  <Folder Name="/src/">
    <Project Path="src/Html2Markdown/Html2Markdown.csproj" />
    <Project Path="src/OfficeCopyAsMarkdown/OfficeCopyAsMarkdown.csproj" />
  </Folder>
  <Folder Name="/tests/">
    <Project Path="tests/OfficeCopyAsMarkdown.Tests/OfficeCopyAsMarkdown.Tests.csproj" />
  </Folder>
</Solution>
